<?xml version="1.0" encoding="UTF-8" standalone="yes" ?>
<CodeBlocks_project_file>
	<FileVersion major="1" minor="6" />
	<Project>
		<Option title="GameBabaWorld" />
		<Option pch_mode="2" />
		<Option compiler="gcc" />
		<Build>
			<Target title="Debug">
				<Option output="bin/Debug/GameBabaWorld" prefix_auto="1" extension_auto="1" />
				<Option object_output="obj/Debug/" />
				<Option type="1" />
				<Option compiler="gcc" />
				<Compiler>
					<Add option="-g" />
					<Add directory="include" />
				</Compiler>
			</Target>
			<Target title="Release">
				<Option output="bin/Release/GameBabaWorld" prefix_auto="1" extension_auto="1" />
				<Option object_output="obj/Release/" />
				<Option type="0" />
				<Option compiler="gcc" />
				<Compiler>
					<Add option="-O2" />
					<Add directory="include" />
				</Compiler>
				<Linker>
					<Add option="-s" />
				</Linker>
			</Target>
		</Build>
		<Compiler>
			<Add option="-Wall" />
			<Add directory="C:/irrlicht-1.8.1/include" />
			<Add directory="C:/CodeBlocksProjects/GameBabaWorld/include" />
		</Compiler>
		<Linker>
			<Add library="C:/irrlicht-1.8.1/lib/Win32-gcc/libIrrlicht.a" />
			<Add library="opengl32" />
			<Add library="glu32" />
			<Add library="gdi32" />
			<Add directory="C:/irrlicht-1.8.1/bin/Win32-gcc" />
		</Linker>
		<Unit filename="include/BoardConfig.h">
			<Option target="Debug" />
		</Unit>
		<Unit filename="include/Game3D.h" />
		<Unit filename="include/Game3DFactory.h" />
		<Unit filename="include/GameDesc.h" />
		<Unit filename="include/MoveResult.h">
			<Option target="&lt;{~None~}&gt;" />
		</Unit>
		<Unit filename="include/Piece.h" />
		<Unit filename="include/Square.h" />
		<Unit filename="include/Task.h">
			<Option target="&lt;{~None~}&gt;" />
		</Unit>
		<Unit filename="include/XZ.h" />
		<Unit filename="include/games/Chess3D.h">
			<Option target="Debug" />
		</Unit>
		<Unit filename="include/games/Draughts3D.h">
			<Option target="Debug" />
		</Unit>
		<Unit filename="source/Game3D.cpp" />
		<Unit filename="source/Game3DFactory.cpp" />
		<Unit filename="source/games/Chess3D.cpp" />
		<Unit filename="source/games/Draughts3D.cpp" />
		<Unit filename="source/main.cpp" />
		<Extensions>
			<code_completion />
			<envvars />
			<debugger />
			<lib_finder disable_auto="1" />
		</Extensions>
	</Project>
</CodeBlocks_project_file>
